
Microsoft Visual Studio Solution File, Format Version 12.00
# Visual Studio Version 16
VisualStudioVersion = 16.0.33529.622
MinimumVisualStudioVersion = 10.0.40219.1
Project("{FAE04EC0-301F-11D3-BF4B-00C04F79EFBC}") = "ConsoleApp17", "ConsoleApp17.csproj", "{267D79C8-6FE6-42AC-A84B-EFEFE03594D9}"
EndProject
Global
	GlobalSection(SolutionConfigurationPlatforms) = preSolution
		Debug|Any CPU = Debug|Any CPU
		Release|Any CPU = Release|Any CPU
	EndGlobalSection
	GlobalSection(ProjectConfigurationPlatforms) = postSolution
		{267D79C8-6FE6-42AC-A84B-EFEFE03594D9}.Debug|Any CPU.ActiveCfg = Debug|Any CPU
		{267D79C8-6FE6-42AC-A84B-EFEFE03594D9}.Debug|Any CPU.Build.0 = Debug|Any CPU
		{267D79C8-6FE6-42AC-A84B-EFEFE03594D9}.Release|Any CPU.ActiveCfg = Release|Any CPU
		{267D79C8-6FE6-42AC-A84B-EFEFE03594D9}.Release|Any CPU.Build.0 = Release|Any CPU
	EndGlobalSection
	GlobalSection(SolutionProperties) = preSolution
		HideSolutionNode = FALSE
	EndGlobalSection
	GlobalSection(ExtensibilityGlobals) = postSolution
		SolutionGuid = {C7398D0B-FC29-46A8-BA52-E8DD7691D25D}
	EndGlobalSection
EndGlobal
